
Microsoft Visual Studio Solution File, Format Version 12.00
# Visual Studio Version 17
VisualStudioVersion = 17.14.37411.7 d17.14
MinimumVisualStudioVersion = 10.0.40219.1
Project("{FAE04EC0-301F-11D3-BF4B-00C04F79EFBC}") = "ECommerceStore", "EcommerceStore\ECommerceStore.csproj", "{0DA60EEC-618E-4309-95A8-22B9D63D1C36}"
EndProject
Global
	GlobalSection(SolutionConfigurationPlatforms) = preSolution
		Debug|Any CPU = Debug|Any CPU
		Release|Any CPU = Release|Any CPU
	EndGlobalSection
	GlobalSection(ProjectConfigurationPlatforms) = postSolution
		{0DA60EEC-618E-4309-95A8-22B9D63D1C36}.Debug|Any CPU.ActiveCfg = Debug|Any CPU
		{0DA60EEC-618E-4309-95A8-22B9D63D1C36}.Debug|Any CPU.Build.0 = Debug|Any CPU
		{0DA60EEC-618E-4309-95A8-22B9D63D1C36}.Release|Any CPU.ActiveCfg = Release|Any CPU
		{0DA60EEC-618E-4309-95A8-22B9D63D1C36}.Release|Any CPU.Build.0 = Release|Any CPU
	EndGlobalSection
	GlobalSection(SolutionProperties) = preSolution
		HideSolutionNode = FALSE
	EndGlobalSection
	GlobalSection(ExtensibilityGlobals) = postSolution
		SolutionGuid = {DF361853-C9D9-4D1D-BE73-1B41FB48DC19}
	EndGlobalSection
EndGlobal
